{
  "name": "webrtcfs",
  "version": "1.0.0",
  "lockfileVersion": 1,
  "requires": true,
  "dependencies": {
    "@types/node": {
      "version": "13.13.2",
      "resolved": "https://artifacts.apple.com/api/npm/npm-private/@types/node/-/node-13.13.2.tgz",
      "integrity": "sha1-Fg2CYjYQ21kKZOjKgXhOERF+WlQ="
    },
    "@types/yauzl": {
      "version": "2.9.1",
      "resolved": "https://artifacts.apple.com/api/npm/npm-private/@types/yauzl/-/yauzl-2.9.1.tgz",
      "integrity": "sha1-0Q9p+fUi7vPPmOMK+2hKHh7JI68=",
      "optional": true,
      "requires": {
        "@types/node": "*"
      }
    },
    "agent-base": {
      "version": "5.1.1",
      "resolved": "https://artifacts.apple.com/api/npm/npm-private/agent-base/-/agent-base-5.1.1.tgz",
      "integrity": "sha1-6Ps/JClZ20TWO+Zl23qOc5U3oyw="
    },
    "arg": {
      "version": "4.1.3",
      "resolved": "https://artifacts.apple.com/api/npm/npm-private/arg/-/arg-4.1.3.tgz",
      "integrity": "sha1-Jp/HrVuOQstjyJbVZmAXJhwUQIk=",
      "dev": true
    },
    "balanced-match": {
      "version": "1.0.0",
      "resolved": "https://artifacts.apple.com/api/npm/npm-private/balanced-match/-/balanced-match-1.0.0.tgz",
      "integrity": "sha1-ibTRmasr7kneFk6gK4nORi1xt2c="
    },
    "base64-js": {
      "version": "1.3.1",
      "resolved": "https://artifacts.apple.com/api/npm/npm-private/base64-js/-/base64-js-1.3.1.tgz",
      "integrity": "sha1-WOzoy3XdB+ce0IxzarxfrE2/jfE="
    },
    "bl": {
      "version": "4.0.2",
      "resolved": "https://artifacts.apple.com/api/npm/npm-private/bl/-/bl-4.0.2.tgz",
      "integrity": "sha1-UrcekIhRXQYG2d2cx6pI3B+Y5zo=",
      "requires": {
        "buffer": "^5.5.0",
        "inherits": "^2.0.4",
        "readable-stream": "^3.4.0"
      }
    },
    "brace-expansion": {
      "version": "1.1.11",
      "resolved": "https://artifacts.apple.com/api/npm/npm-private/brace-expansion/-/brace-expansion-1.1.11.tgz",
      "integrity": "sha1-PH/L9SnYcibz0vUrlm/1Jx60Qd0=",
      "requires": {
        "balanced-match": "^1.0.0",
        "concat-map": "0.0.1"
      }
    },
    "buffer": {
      "version": "5.6.0",
      "resolved": "https://artifacts.apple.com/api/npm/npm-private/buffer/-/buffer-5.6.0.tgz",
      "integrity": "sha1-oxdJ3H2B2E2wir+Te2uMQDP2J4Y=",
      "requires": {
        "base64-js": "^1.0.2",
        "ieee754": "^1.1.4"
      }
    },
    "buffer-crc32": {
      "version": "0.2.13",
      "resolved": "https://artifacts.apple.com/api/npm/npm-private/buffer-crc32/-/buffer-crc32-0.2.13.tgz",
      "integrity": "sha1-DTM+PwDqxQqhRUq9MO+MKl2ackI="
    },
    "buffer-from": {
      "version": "1.1.1",
      "resolved": "https://artifacts.apple.com/api/npm/npm-private/buffer-from/-/buffer-from-1.1.1.tgz",
      "integrity": "sha1-MnE7wCj3XAL9txDXx7zsHyxgcO8=",
      "dev": true
    },
    "chownr": {
      "version": "1.1.4",
      "resolved": "https://artifacts.apple.com/api/npm/npm-private/chownr/-/chownr-1.1.4.tgz",
      "integrity": "sha1-b8nXtC0ypYNZYzdmbn0ICE2izGs="
    },
    "concat-map": {
      "version": "0.0.1",
      "resolved": "https://artifacts.apple.com/api/npm/npm-private/concat-map/-/concat-map-0.0.1.tgz",
      "integrity": "sha1-2Klr13/Wjfd5OnMDajug1UBdR3s="
    },
    "debug": {
      "version": "4.1.1",
      "resolved": "https://artifacts.apple.com/api/npm/npm-private/debug/-/debug-4.1.1.tgz",
      "integrity": "sha1-O3ImAlUQnGtYnO4FDx1RYTlmR5E=",
      "requires": {
        "ms": "^2.1.1"
      }
    },
    "diff": {
      "version": "4.0.2",
      "resolved": "https://artifacts.apple.com/api/npm/npm-private/diff/-/diff-4.0.2.tgz",
      "integrity": "sha1-YPOuy4nV+uUgwRqhnvwruYKq3n0=",
      "dev": true
    },
    "end-of-stream": {
      "version": "1.4.4",
      "resolved": "https://artifacts.apple.com/api/npm/npm-private/end-of-stream/-/end-of-stream-1.4.4.tgz",
      "integrity": "sha1-WuZKX0UFe682JuwU2gyl5LJDHrA=",
      "requires": {
        "once": "^1.4.0"
      }
    },
    "extract-zip": {
      "version": "2.0.0",
      "resolved": "https://artifacts.apple.com/api/npm/npm-private/extract-zip/-/extract-zip-2.0.0.tgz",
      "integrity": "sha1-9Ttx1E9P9aRSeiJZreAA+4swNJI=",
      "requires": {
        "@types/yauzl": "^2.9.1",
        "debug": "^4.1.1",
        "get-stream": "^5.1.0",
        "yauzl": "^2.10.0"
      }
    },
    "fd-slicer": {
      "version": "1.1.0",
      "resolved": "https://artifacts.apple.com/api/npm/npm-private/fd-slicer/-/fd-slicer-1.1.0.tgz",
      "integrity": "sha1-JcfInLH5B3+IkbvmHY85Dq4lbx4=",
      "requires": {
        "pend": "~1.2.0"
      }
    },
    "fs-constants": {
      "version": "1.0.0",
      "resolved": "https://artifacts.apple.com/api/npm/npm-private/fs-constants/-/fs-constants-1.0.0.tgz",
      "integrity": "sha1-a+Dem+mYzhavivwkSXue6bfM2a0="
    },
    "fs.realpath": {
      "version": "1.0.0",
      "resolved": "https://artifacts.apple.com/api/npm/npm-private/fs.realpath/-/fs.realpath-1.0.0.tgz",
      "integrity": "sha1-FQStJSMVjKpA20onh8sBQRmU6k8="
    },
    "get-stream": {
      "version": "5.1.0",
      "resolved": "https://artifacts.apple.com/api/npm/npm-private/get-stream/-/get-stream-5.1.0.tgz",
      "integrity": "sha1-ASA83JJZf5uQkGfD5lbMH008Tck=",
      "requires": {
        "pump": "^3.0.0"
      }
    },
    "glob": {
      "version": "7.1.6",
      "resolved": "https://artifacts.apple.com/api/npm/npm-private/glob/-/glob-7.1.6.tgz",
      "integrity": "sha1-FB8zuBp8JJLhJVlDB0gMRmeSeKY=",
      "requires": {
        "fs.realpath": "^1.0.0",
        "inflight": "^1.0.4",
        "inherits": "2",
        "minimatch": "^3.0.4",
        "once": "^1.3.0",
        "path-is-absolute": "^1.0.0"
      }
    },
    "https-proxy-agent": {
      "version": "4.0.0",
      "resolved": "https://artifacts.apple.com/api/npm/npm-private/https-proxy-agent/-/https-proxy-agent-4.0.0.tgz",
      "integrity": "sha1-cCtx+1UgoTKmbeH2dUHZ5iFU2Cs=",
      "requires": {
        "agent-base": "5",
        "debug": "4"
      }
    },
    "ieee754": {
      "version": "1.1.13",
      "resolved": "https://artifacts.apple.com/api/npm/npm-private/ieee754/-/ieee754-1.1.13.tgz",
      "integrity": "sha1-7BaFWOlaoYH9h9N/VcMrvLZwi4Q="
    },
    "inflight": {
      "version": "1.0.6",
      "resolved": "https://artifacts.apple.com/api/npm/npm-private/inflight/-/inflight-1.0.6.tgz",
      "integrity": "sha1-Sb1jMdfQLQwJvJEKEHW6gWW1bfk=",
      "requires": {
        "once": "^1.3.0",
        "wrappy": "1"
      }
    },
    "inherits": {
      "version": "2.0.4",
      "resolved": "https://artifacts.apple.com/api/npm/npm-private/inherits/-/inherits-2.0.4.tgz",
      "integrity": "sha1-D6LGT5MpF8NDOg3tVTY6rjdBa3w="
    },
    "make-error": {
      "version": "1.3.6",
      "resolved": "https://artifacts.apple.com/api/npm/npm-private/make-error/-/make-error-1.3.6.tgz",
      "integrity": "sha1-LrLjfqm2fEiR9oShOUeZr0hM96I=",
      "dev": true
    },
    "mime": {
      "version": "2.4.6",
      "resolved": "https://artifacts.apple.com/api/npm/npm-private/mime/-/mime-2.4.6.tgz",
      "integrity": "sha1-5bQHyQ20QvK+tbFiNz0Htpr/pNE="
    },
    "minimatch": {
      "version": "3.0.4",
      "resolved": "https://artifacts.apple.com/api/npm/npm-private/minimatch/-/minimatch-3.0.4.tgz",
      "integrity": "sha1-UWbihkV/AzBgZL5Ul+jbsMPTIIM=",
      "requires": {
        "brace-expansion": "^1.1.7"
      }
    },
    "mkdirp-classic": {
      "version": "0.5.3",
      "resolved": "https://artifacts.apple.com/api/npm/npm-private/mkdirp-classic/-/mkdirp-classic-0.5.3.tgz",
      "integrity": "sha1-+hDJEVzG2IZb4iG6R+6b7XhgERM="
    },
    "ms": {
      "version": "2.1.2",
      "resolved": "https://artifacts.apple.com/api/npm/npm-private/ms/-/ms-2.1.2.tgz",
      "integrity": "sha1-0J0fNXtEP0kzgqjrPM0YOHKuYAk="
    },
    "once": {
      "version": "1.4.0",
      "resolved": "https://artifacts.apple.com/api/npm/npm-private/once/-/once-1.4.0.tgz",
      "integrity": "sha1-WDsap3WWHUsROsF9nFC6753Xa9E=",
      "requires": {
        "wrappy": "1"
      }
    },
    "path-is-absolute": {
      "version": "1.0.1",
      "resolved": "https://artifacts.apple.com/api/npm/npm-private/path-is-absolute/-/path-is-absolute-1.0.1.tgz",
      "integrity": "sha1-F0uSaHNVNP+8es5r9TpanhtcX18="
    },
    "pend": {
      "version": "1.2.0",
      "resolved": "https://artifacts.apple.com/api/npm/npm-private/pend/-/pend-1.2.0.tgz",
      "integrity": "sha1-elfrVQpng/kRUzH89GY9XI4AelA="
    },
    "progress": {
      "version": "2.0.3",
      "resolved": "https://artifacts.apple.com/api/npm/npm-private/progress/-/progress-2.0.3.tgz",
      "integrity": "sha1-foz42PW48jnBvGi+tOt4Vn1XLvg="
    },
    "proxy-from-env": {
      "version": "1.1.0",
      "resolved": "https://artifacts.apple.com/api/npm/npm-private/proxy-from-env/-/proxy-from-env-1.1.0.tgz",
      "integrity": "sha1-4QLxbKNVQkhldV0sno6k8k1Yw+I="
    },
    "pump": {
      "version": "3.0.0",
      "resolved": "https://artifacts.apple.com/api/npm/npm-private/pump/-/pump-3.0.0.tgz",
      "integrity": "sha1-tKIRaBW94vTh6mAjVOjHVWUQemQ=",
      "requires": {
        "end-of-stream": "^1.1.0",
        "once": "^1.3.1"
      }
    },
    "puppeteer": {
      "version": "3.3.0",
      "resolved": "https://artifacts.apple.com/api/npm/npm-private/puppeteer/-/puppeteer-3.3.0.tgz",
      "integrity": "sha1-lYOa+f3Aqk3n5e4HOkwK3rni09c=",
      "requires": {
        "debug": "^4.1.0",
        "extract-zip": "^2.0.0",
        "https-proxy-agent": "^4.0.0",
        "mime": "^2.0.3",
        "progress": "^2.0.1",
        "proxy-from-env": "^1.0.0",
        "rimraf": "^3.0.2",
        "tar-fs": "^2.0.0",
        "unbzip2-stream": "^1.3.3",
        "ws": "^7.2.3"
      },
      "dependencies": {
        "ws": {
          "version": "7.3.0",
          "resolved": "https://artifacts.apple.com/api/npm/npm-private/ws/-/ws-7.3.0.tgz",
          "integrity": "sha1-Sy9/IZs9Nze8Gi+/FF2CW5TTj/0="
        }
      }
    },
    "readable-stream": {
      "version": "3.6.0",
      "resolved": "https://artifacts.apple.com/api/npm/npm-private/readable-stream/-/readable-stream-3.6.0.tgz",
      "integrity": "sha1-M3u9o63AcGvT4CRCaihtS0sskZg=",
      "requires": {
        "inherits": "^2.0.3",
        "string_decoder": "^1.1.1",
        "util-deprecate": "^1.0.1"
      }
    },
    "rimraf": {
      "version": "3.0.2",
      "resolved": "https://artifacts.apple.com/api/npm/npm-private/rimraf/-/rimraf-3.0.2.tgz",
      "integrity": "sha1-8aVAK6YiCtUswSgrrBrjqkn9Bho=",
      "requires": {
        "glob": "^7.1.3"
      }
    },
    "safe-buffer": {
      "version": "5.2.1",
      "resolved": "https://artifacts.apple.com/api/npm/npm-private/safe-buffer/-/safe-buffer-5.2.1.tgz",
      "integrity": "sha1-Hq+fqb2x/dTsdfWPnNtOa3gn7sY="
    },
    "source-map": {
      "version": "0.6.1",
      "resolved": "https://artifacts.apple.com/api/npm/npm-private/source-map/-/source-map-0.6.1.tgz",
      "integrity": "sha1-dHIq8y6WFOnCh6jQu95IteLxomM=",
      "dev": true
    },
    "source-map-support": {
      "version": "0.5.18",
      "resolved": "https://artifacts.apple.com/api/npm/npm-private/source-map-support/-/source-map-support-0.5.18.tgz",
      "integrity": "sha1-9fM0ieJwvX99fnuN6/KD86QGaWA=",
      "dev": true,
      "requires": {
        "buffer-from": "^1.0.0",
        "source-map": "^0.6.0"
      }
    },
    "string_decoder": {
      "version": "1.3.0",
      "resolved": "https://artifacts.apple.com/api/npm/npm-private/string_decoder/-/string_decoder-1.3.0.tgz",
      "integrity": "sha1-QvEUWUpGzxqOMLCoT1bHjD7awh4=",
      "requires": {
        "safe-buffer": "~5.2.0"
      }
    },
    "tar-fs": {
      "version": "2.1.0",
      "resolved": "https://artifacts.apple.com/api/npm/npm-private/tar-fs/-/tar-fs-2.1.0.tgz",
      "integrity": "sha1-0c3RIatGXuDrnM3i01BJ0/Pa8NU=",
      "requires": {
        "chownr": "^1.1.1",
        "mkdirp-classic": "^0.5.2",
        "pump": "^3.0.0",
        "tar-stream": "^2.0.0"
      }
    },
    "tar-stream": {
      "version": "2.1.2",
      "resolved": "https://artifacts.apple.com/api/npm/npm-private/tar-stream/-/tar-stream-2.1.2.tgz",
      "integrity": "sha1-bV7xp+V4OpX/cLabl0VaWWjcEyU=",
      "requires": {
        "bl": "^4.0.1",
        "end-of-stream": "^1.4.1",
        "fs-constants": "^1.0.0",
        "inherits": "^2.0.3",
        "readable-stream": "^3.1.1"
      }
    },
    "through": {
      "version": "2.3.8",
      "resolved": "https://artifacts.apple.com/api/npm/npm-private/through/-/through-2.3.8.tgz",
      "integrity": "sha1-DdTJ/6q8NXlgsbckEV1+Doai4fU="
    },
    "ts-node": {
      "version": "8.9.0",
      "dev": true,
      "requires": {
        "arg": "^4.1.0",
        "diff": "^4.0.1",
        "make-error": "^1.1.1",
        "source-map-support": "^0.5.17",
        "yn": "3.1.1"
      }
    },
    "typescript": {
      "version": "3.8.3",
      "dev": true
    },
    "unbzip2-stream": {
      "version": "1.4.3",
      "resolved": "https://artifacts.apple.com/api/npm/npm-private/unbzip2-stream/-/unbzip2-stream-1.4.3.tgz",
      "integrity": "sha1-sNoExDcTEd93HNwhXofyEwmRrOc=",
      "requires": {
        "buffer": "^5.2.1",
        "through": "^2.3.8"
      }
    },
    "util-deprecate": {
      "version": "1.0.2",
      "resolved": "https://artifacts.apple.com/api/npm/npm-private/util-deprecate/-/util-deprecate-1.0.2.tgz",
      "integrity": "sha1-RQ1Nyfpw3nMnYvvS1KKJgUGaDM8="
    },
    "wrappy": {
      "version": "1.0.2",
      "resolved": "https://artifacts.apple.com/api/npm/npm-private/wrappy/-/wrappy-1.0.2.tgz",
      "integrity": "sha1-tSQ9jz7BqjXxNkYFvA0QNuMKtp8="
    },
    "yauzl": {
      "version": "2.10.0",
      "resolved": "https://artifacts.apple.com/api/npm/npm-private/yauzl/-/yauzl-2.10.0.tgz",
      "integrity": "sha1-x+sXyT4RLLEIb6bY5R+wZnt5pfk=",
      "requires": {
        "buffer-crc32": "~0.2.3",
        "fd-slicer": "~1.1.0"
      }
    },
    "yn": {
      "version": "3.1.1",
      "resolved": "https://artifacts.apple.com/api/npm/npm-private/yn/-/yn-3.1.1.tgz",
      "integrity": "sha1-HodAGgnXZ8HV6rJqbkwYUYLS61A=",
      "dev": true
    }
  }
}
