# THIS IS AN AUTOGENERATED FILE. DO NOT EDIT THIS FILE DIRECTLY.
# yarn lockfile v1


"@types/node@^13.13.2":
  version "13.13.2"
  resolved "https://artifacts.apple.com/api/npm/npm-private/@types/node/-/node-13.13.2.tgz#160d82623610db590a64e8ca81784e11117e5a54"
  integrity sha1-Fg2CYjYQ21kKZOjKgXhOERF+WlQ=

arg@^4.1.0:
  version "4.1.3"
  resolved "https://artifacts.apple.com/api/npm/npm-private/arg/-/arg-4.1.3.tgz#269fc7ad5b8e42cb63c896d5666017261c144089"
  integrity sha1-Jp/HrVuOQstjyJbVZmAXJhwUQIk=

buffer-from@^1.0.0:
  version "1.1.1"
  resolved "https://artifacts.apple.com/api/npm/npm-private/buffer-from/-/buffer-from-1.1.1.tgz#32713bc028f75c02fdb710d7c7bcec1f2c6070ef"
  integrity sha1-MnE7wCj3XAL9txDXx7zsHyxgcO8=

diff@^4.0.1:
  version "4.0.2"
  resolved "https://artifacts.apple.com/api/npm/npm-private/diff/-/diff-4.0.2.tgz#60f3aecb89d5fae520c11aa19efc2bb982aade7d"
  integrity sha1-YPOuy4nV+uUgwRqhnvwruYKq3n0=

make-error@^1.1.1:
  version "1.3.6"
  resolved "https://artifacts.apple.com/api/npm/npm-private/make-error/-/make-error-1.3.6.tgz#2eb2e37ea9b67c4891f684a1394799af484cf7a2"
  integrity sha1-LrLjfqm2fEiR9oShOUeZr0hM96I=

source-map-support@^0.5.17:
  version "0.5.18"
  resolved "https://artifacts.apple.com/api/npm/npm-private/source-map-support/-/source-map-support-0.5.18.tgz#f5f33489e270bd7f7d7e7b8debf283f3a4066960"
  integrity sha1-9fM0ieJwvX99fnuN6/KD86QGaWA=
  dependencies:
    buffer-from "^1.0.0"
    source-map "^0.6.0"

source-map@^0.6.0:
  version "0.6.1"
  resolved "https://artifacts.apple.com/api/npm/npm-private/source-map/-/source-map-0.6.1.tgz#74722af32e9614e9c287a8d0bbde48b5e2f1a263"
  integrity sha1-dHIq8y6WFOnCh6jQu95IteLxomM=

ts-node@^8.9.0:
  version "8.9.0"
  resolved "https://artifacts.apple.com/api/npm/npm-private/ts-node/-/ts-node-8.9.0.tgz#d7bf7272dcbecd3a2aa18bd0b96c7d2f270c15d4"
  integrity sha1-179ycty+zToqoYvQuWx9LycMFdQ=
  dependencies:
    arg "^4.1.0"
    diff "^4.0.1"
    make-error "^1.1.1"
    source-map-support "^0.5.17"
    yn "3.1.1"

typescript@^3.8.3:
  version "3.8.3"
  resolved "https://artifacts.apple.com/api/npm/npm-private/typescript/-/typescript-3.8.3.tgz#409eb8544ea0335711205869ec458ab109ee1061"
  integrity sha1-QJ64VE6gM1cRIFhp7EWKsQnuEGE=

ws@^7.2.3:
  version "7.2.3"
  resolved "https://artifacts.apple.com/api/npm/npm-private/ws/-/ws-7.2.3.tgz#a5411e1fb04d5ed0efee76d26d5c46d830c39b46"
  integrity sha1-pUEeH7BNXtDv7nbSbVxG2DDDm0Y=

yn@3.1.1:
  version "3.1.1"
  resolved "https://artifacts.apple.com/api/npm/npm-private/yn/-/yn-3.1.1.tgz#1e87401a09d767c1d5eab26a6e4c185182d2eb50"
  integrity sha1-HodAGgnXZ8HV6rJqbkwYUYLS61A=
